// !$*UTF8*$!
{
	archiveVersion = 1;
	classes = {
	};
	objectVersion = 46;
	objects = {

/* Begin PBXBuildFile section */
		F9ECA3A71CF6C06D004C291E /* main.m in Sources */ = {isa = PBXBuildFile; fileRef = F9ECA3A61CF6C06D004C291E /* main.m */; };
		F9ECA3AA1CF6C06D004C291E /* AppDelegate.m in Sources */ = {isa = PBXBuildFile; fileRef = F9ECA3A91CF6C06D004C291E /* AppDelegate.m */; };
		F9ECA3AD1CF6C06D004C291E /* ViewController.m in Sources */ = {isa = PBXBuildFile; fileRef = F9ECA3AC1CF6C06D004C291E /* ViewController.m */; };
		F9ECA3B01CF6C06D004C291E /* Main.storyboard in Resources */ = {isa = PBXBuildFile; fileRef = F9ECA3AE1CF6C06D004C291E /* Main.storyboard */; };
		F9ECA3B21CF6C06D004C291E /* Assets.xcassets in Resources */ = {isa = PBXBuildFile; fileRef = F9ECA3B11CF6C06D004C291E /* Assets.xcassets */; };
		F9ECA3B51CF6C06D004C291E /* LaunchScreen.storyboard in Resources */ = {isa = PBXBuildFile; fileRef = F9ECA3B31CF6C06D004C291E /* LaunchScreen.storyboard */; };
		F9ECA3C01CF6C06D004C291E /* KeepDemoTests.m in Sources */ = {isa = PBXBuildFile; fileRef = F9ECA3BF1CF6C06D004C291E /* KeepDemoTests.m */; };
		F9ECA3CB1CF6C06D004C291E /* KeepDemoUITests.m in Sources */ = {isa = PBXBuildFile; fileRef = F9ECA3CA1CF6C06D004C291E /* KeepDemoUITests.m */; };
		F9ECA3E81CF6C090004C291E /* 1.mp4 in Resources */ = {isa = PBXBuildFile; fileRef = F9ECA3D91CF6C090004C291E /* 1.mp4 */; };
		F9ECA3E91CF6C090004C291E /* 4_circle.png in Resources */ = {isa = PBXBuildFile; fileRef = F9ECA3DA1CF6C090004C291E /* 4_circle.png */; };
		F9ECA3EA1CF6C090004C291E /* 4_circle@2x.png in Resources */ = {isa = PBXBuildFile; fileRef = F9ECA3DB1CF6C090004C291E /* 4_circle@2x.png */; };
		F9ECA3EB1CF6C090004C291E /* 4_circle_on@2x.png in Resources */ = {isa = PBXBuildFile; fileRef = F9ECA3DC1CF6C090004C291E /* 4_circle_on@2x.png */; };
		F9ECA3EC1CF6C090004C291E /* keep5.png in Resources */ = {isa = PBXBuildFile; fileRef = F9ECA3DD1CF6C090004C291E /* keep5.png */; };
		F9ECA3ED1CF6C090004C291E /* keep5@2x.png in Resources */ = {isa = PBXBuildFile; fileRef = F9ECA3DE1CF6C090004C291E /* keep5@2x.png */; };
		F9ECA3EE1CF6C090004C291E /* keep6.png in Resources */ = {isa = PBXBuildFile; fileRef = F9ECA3DF1CF6C090004C291E /* keep6.png */; };
		F9ECA3EF1CF6C090004C291E /* keep6@2x.png in Resources */ = {isa = PBXBuildFile; fileRef = F9ECA3E01CF6C090004C291E /* keep6@2x.png */; };
		F9ECA3F01CF6C090004C291E /* keep6plus@3x.png in Resources */ = {isa = PBXBuildFile; fileRef = F9ECA3E11CF6C090004C291E /* keep6plus@3x.png */; };
		F9ECA3F11CF6C090004C291E /* keep_logo.png in Resources */ = {isa = PBXBuildFile; fileRef = F9ECA3E21CF6C090004C291E /* keep_logo.png */; };
		F9ECA3F21CF6C090004C291E /* keep_logo@2x.png in Resources */ = {isa = PBXBuildFile; fileRef = F9ECA3E31CF6C090004C291E /* keep_logo@2x.png */; };
		F9ECA3F31CF6C090004C291E /* keep_logo@3x.png in Resources */ = {isa = PBXBuildFile; fileRef = F9ECA3E41CF6C090004C291E /* keep_logo@3x.png */; };
		F9ECA3F41CF6C090004C291E /* keepkeep.png in Resources */ = {isa = PBXBuildFile; fileRef = F9ECA3E51CF6C090004C291E /* keepkeep.png */; };
		F9ECA3F51CF6C090004C291E /* keepkeep@2x.png in Resources */ = {isa = PBXBuildFile; fileRef = F9ECA3E61CF6C090004C291E /* keepkeep@2x.png */; };
		F9ECA3F61CF6C090004C291E /* keepkeep@3x.png in Resources */ = {isa = PBXBuildFile; fileRef = F9ECA3E71CF6C090004C291E /* keepkeep@3x.png */; };
/* End PBXBuildFile section */

/* Begin PBXContainerItemProxy section */
		F9ECA3BC1CF6C06D004C291E /* PBXContainerItemProxy */ = {
			isa = PBXContainerItemProxy;
			containerPortal = F9ECA39A1CF6C06D004C291E /* Project object */;
			proxyType = 1;
			remoteGlobalIDString = F9ECA3A11CF6C06D004C291E;
			remoteInfo = KeepDemo;
		};
		F9ECA3C71CF6C06D004C291E /* PBXContainerItemProxy */ = {
			isa = PBXContainerItemProxy;
			containerPortal = F9ECA39A1CF6C06D004C291E /* Project object */;
			proxyType = 1;
			remoteGlobalIDString = F9ECA3A11CF6C06D004C291E;
			remoteInfo = KeepDemo;
		};
/* End PBXContainerItemProxy section */

/* Begin PBXFileReference section */
		F9ECA3A21CF6C06D004C291E /* KeepDemo.app */ = {isa = PBXFileReference; explicitFileType = wrapper.application; includeInIndex = 0; path = KeepDemo.app; sourceTree = BUILT_PRODUCTS_DIR; };
		F9ECA3A61CF6C06D004C291E /* main.m */ = {isa = PBXFileReference; lastKnownFileType = sourcecode.c.objc; path = main.m; sourceTree = "<group>"; };
		F9ECA3A81CF6C06D004C291E /* AppDelegate.h */ = {isa = PBXFileReference; lastKnownFileType = sourcecode.c.h; path = AppDelegate.h; sourceTree = "<group>"; };
		F9ECA3A91CF6C06D004C291E /* AppDelegate.m */ = {isa = PBXFileReference; lastKnownFileType = sourcecode.c.objc; path = AppDelegate.m; sourceTree = "<group>"; };
		F9ECA3AB1CF6C06D004C291E /* ViewController.h */ = {isa = PBXFileReference; lastKnownFileType = sourcecode.c.h; path = ViewController.h; sourceTree = "<group>"; };
		F9ECA3AC1CF6C06D004C291E /* ViewController.m */ = {isa = PBXFileReference; lastKnownFileType = sourcecode.c.objc; path = ViewController.m; sourceTree = "<group>"; };
		F9ECA3AF1CF6C06D004C291E /* Base */ = {isa = PBXFileReference; lastKnownFileType = file.storyboard; name = Base; path = Base.lproj/Main.storyboard; sourceTree = "<group>"; };
		F9ECA3B11CF6C06D004C291E /* Assets.xcassets */ = {isa = PBXFileReference; lastKnownFileType = folder.assetcatalog; path = Assets.xcassets; sourceTree = "<group>"; };
		F9ECA3B41CF6C06D004C291E /* Base */ = {isa = PBXFileReference; lastKnownFileType = file.storyboard; name = Base; path = Base.lproj/LaunchScreen.storyboard; sourceTree = "<group>"; };
		F9ECA3B61CF6C06D004C291E /* Info.plist */ = {isa = PBXFileReference; lastKnownFileType = text.plist.xml; path = Info.plist; sourceTree = "<group>"; };
		F9ECA3BB1CF6C06D004C291E /* KeepDemoTests.xctest */ = {isa = PBXFileReference; explicitFileType = wrapper.cfbundle; includeInIndex = 0; path = KeepDemoTests.xctest; sourceTree = BUILT_PRODUCTS_DIR; };
		F9ECA3BF1CF6C06D004C291E /* KeepDemoTests.m */ = {isa = PBXFileReference; lastKnownFileType = sourcecode.c.objc; path = KeepDemoTests.m; sourceTree = "<group>"; };
		F9ECA3C11CF6C06D004C291E /* Info.plist */ = {isa = PBXFileReference; lastKnownFileType = text.plist.xml; path = Info.plist; sourceTree = "<group>"; };
		F9ECA3C61CF6C06D004C291E /* KeepDemoUITests.xctest */ = {isa = PBXFileReference; explicitFileType = wrapper.cfbundle; includeInIndex = 0; path = KeepDemoUITests.xctest; sourceTree = BUILT_PRODUCTS_DIR; };
		F9ECA3CA1CF6C06D004C291E /* KeepDemoUITests.m */ = {isa = PBXFileReference; lastKnownFileType = sourcecode.c.objc; path = KeepDemoUITests.m; sourceTree = "<group>"; };
		F9ECA3CC1CF6C06D004C291E /* Info.plist */ = {isa = PBXFileReference; lastKnownFileType = text.plist.xml; path = Info.plist; sourceTree = "<group>"; };
		F9ECA3D91CF6C090004C291E /* 1.mp4 */ = {isa = PBXFileReference; lastKnownFileType = file; path = 1.mp4; sourceTree = "<group>"; };
		F9ECA3DA1CF6C090004C291E /* 4_circle.png */ = {isa = PBXFileReference; lastKnownFileType = image.png; path = 4_circle.png; sourceTree = "<group>"; };
		F9ECA3DB1CF6C090004C291E /* 4_circle@2x.png */ = {isa = PBXFileReference; lastKnownFileType = image.png; path = "4_circle@2x.png"; sourceTree = "<group>"; };
		F9ECA3DC1CF6C090004C291E /* 4_circle_on@2x.png */ = {isa = PBXFileReference; lastKnownFileType = image.png; path = "4_circle_on@2x.png"; sourceTree = "<group>"; };
		F9ECA3DD1CF6C090004C291E /* keep5.png */ = {isa = PBXFileReference; lastKnownFileType = image.png; path = keep5.png; sourceTree = "<group>"; };
		F9ECA3DE1CF6C090004C291E /* keep5@2x.png */ = {isa = PBXFileReference; lastKnownFileType = image.png; path = "keep5@2x.png"; sourceTree = "<group>"; };
		F9ECA3DF1CF6C090004C291E /* keep6.png */ = {isa = PBXFileReference; lastKnownFileType = image.png; path = keep6.png; sourceTree = "<group>"; };
		F9ECA3E01CF6C090004C291E /* keep6@2x.png */ = {isa = PBXFileReference; lastKnownFileType = image.png; path = "keep6@2x.png"; sourceTree = "<group>"; };
		F9ECA3E11CF6C090004C291E /* keep6plus@3x.png */ = {isa = PBXFileReference; lastKnownFileType = image.png; path = "keep6plus@3x.png"; sourceTree = "<group>"; };
		F9ECA3E21CF6C090004C291E /* keep_logo.png */ = {isa = PBXFileReference; lastKnownFileType = image.png; path = keep_logo.png; sourceTree = "<group>"; };
		F9ECA3E31CF6C090004C291E /* keep_logo@2x.png */ = {isa = PBXFileReference; lastKnownFileType = image.png; path = "keep_logo@2x.png"; sourceTree = "<group>"; };
		F9ECA3E41CF6C090004C291E /* keep_logo@3x.png */ = {isa = PBXFileReference; lastKnownFileType = image.png; path = "keep_logo@3x.png"; sourceTree = "<group>"; };
		F9ECA3E51CF6C090004C291E /* keepkeep.png */ = {isa = PBXFileReference; lastKnownFileType = image.png; path = keepkeep.png; sourceTree = "<group>"; };
		F9ECA3E61CF6C090004C291E /* keepkeep@2x.png */ = {isa = PBXFileReference; lastKnownFileType = image.png; path = "keepkeep@2x.png"; sourceTree = "<group>"; };
		F9ECA3E71CF6C090004C291E /* keepkeep@3x.png */ = {isa = PBXFileReference; lastKnownFileType = image.png; path = "keepkeep@3x.png"; sourceTree = "<group>"; };
/* End PBXFileReference section */

/* Begin PBXFrameworksBuildPhase section */
		F9ECA39F1CF6C06D004C291E /* Frameworks */ = {
			isa = PBXFrameworksBuildPhase;
			buildActionMask = 2147483647;
			files = (
			);
			runOnlyForDeploymentPostprocessing = 0;
		};
		F9ECA3B81CF6C06D004C291E /* Frameworks */ = {
			isa = PBXFrameworksBuildPhase;
			buildActionMask = 2147483647;
			files = (
			);
			runOnlyForDeploymentPostprocessing = 0;
		};
		F9ECA3C31CF6C06D004C291E /* Frameworks */ = {
			isa = PBXFrameworksBuildPhase;
			buildActionMask = 2147483647;
			files = (
			);
			runOnlyForDeploymentPostprocessing = 0;
		};
/* End PBXFrameworksBuildPhase section */

/* Begin PBXGroup section */
		F9ECA3991CF6C06D004C291E = {
			isa = PBXGroup;
			children = (
				F9ECA3A41CF6C06D004C291E /* KeepDemo */,
				F9ECA3BE1CF6C06D004C291E /* KeepDemoTests */,
				F9ECA3C91CF6C06D004C291E /* KeepDemoUITests */,
				F9ECA3A31CF6C06D004C291E /* Products */,
			);
			sourceTree = "<group>";
		};
		F9ECA3A31CF6C06D004C291E /* Products */ = {
			isa = PBXGroup;
			children = (
				F9ECA3A21CF6C06D004C291E /* KeepDemo.app */,
				F9ECA3BB1CF6C06D004C291E /* KeepDemoTests.xctest */,
				F9ECA3C61CF6C06D004C291E /* KeepDemoUITests.xctest */,
			);
			name = Products;
			sourceTree = "<group>";
		};
		F9ECA3A41CF6C06D004C291E /* KeepDemo */ = {
			isa = PBXGroup;
			children = (
				F9ECA3D81CF6C090004C291E /* Resource */,
				F9ECA3A81CF6C06D004C291E /* AppDelegate.h */,
				F9ECA3A91CF6C06D004C291E /* AppDelegate.m */,
				F9ECA3AB1CF6C06D004C291E /* ViewController.h */,
				F9ECA3AC1CF6C06D004C291E /* ViewController.m */,
				F9ECA3AE1CF6C06D004C291E /* Main.storyboard */,
				F9ECA3B11CF6C06D004C291E /* Assets.xcassets */,
				F9ECA3B31CF6C06D004C291E /* LaunchScreen.storyboard */,
				F9ECA3B61CF6C06D004C291E /* Info.plist */,
				F9ECA3A51CF6C06D004C291E /* Supporting Files */,
			);
			path = KeepDemo;
			sourceTree = "<group>";
		};
		F9ECA3A51CF6C06D004C291E /* Supporting Files */ = {
			isa = PBXGroup;
			children = (
				F9ECA3A61CF6C06D004C291E /* main.m */,
			);
			name = "Supporting Files";
			sourceTree = "<group>";
		};
		F9ECA3BE1CF6C06D004C291E /* KeepDemoTests */ = {
			isa = PBXGroup;
			children = (
				F9ECA3BF1CF6C06D004C291E /* KeepDemoTests.m */,
				F9ECA3C11CF6C06D004C291E /* Info.plist */,
			);
			path = KeepDemoTests;
			sourceTree = "<group>";
		};
		F9ECA3C91CF6C06D004C291E /* KeepDemoUITests */ = {
			isa = PBXGroup;
			children = (
				F9ECA3CA1CF6C06D004C291E /* KeepDemoUITests.m */,
				F9ECA3CC1CF6C06D004C291E /* Info.plist */,
			);
			path = KeepDemoUITests;
			sourceTree = "<group>";
		};
		F9ECA3D81CF6C090004C291E /* Resource */ = {
			isa = PBXGroup;
			children = (
				F9ECA3D91CF6C090004C291E /* 1.mp4 */,
				F9ECA3DA1CF6C090004C291E /* 4_circle.png */,
				F9ECA3DB1CF6C090004C291E /* 4_circle@2x.png */,
				F9ECA3DC1CF6C090004C291E /* 4_circle_on@2x.png */,
				F9ECA3DD1CF6C090004C291E /* keep5.png */,
				F9ECA3DE1CF6C090004C291E /* keep5@2x.png */,
				F9ECA3DF1CF6C090004C291E /* keep6.png */,
				F9ECA3E01CF6C090004C291E /* keep6@2x.png */,
				F9ECA3E11CF6C090004C291E /* keep6plus@3x.png */,
				F9ECA3E21CF6C090004C291E /* keep_logo.png */,
				F9ECA3E31CF6C090004C291E /* keep_logo@2x.png */,
				F9ECA3E41CF6C090004C291E /* keep_logo@3x.png */,
				F9ECA3E51CF6C090004C291E /* keepkeep.png */,
				F9ECA3E61CF6C090004C291E /* keepkeep@2x.png */,
				F9ECA3E71CF6C090004C291E /* keepkeep@3x.png */,
			);
			path = Resource;
			sourceTree = "<group>";
		};
/* End PBXGroup section */

/* Begin PBXNativeTarget section */
		F9ECA3A11CF6C06D004C291E /* KeepDemo */ = {
			isa = PBXNativeTarget;
			buildConfigurationList = F9ECA3CF1CF6C06D004C291E /* Build configuration list for PBXNativeTarget "KeepDemo" */;
			buildPhases = (
				F9ECA39E1CF6C06D004C291E /* Sources */,
				F9ECA39F1CF6C06D004C291E /* Frameworks */,
				F9ECA3A01CF6C06D004C291E /* Resources */,
			);
			buildRules = (
			);
			dependencies = (
			);
			name = KeepDemo;
			productName = KeepDemo;
			productReference = F9ECA3A21CF6C06D004C291E /* KeepDemo.app */;
			productType = "com.apple.product-type.application";
		};
		F9ECA3BA1CF6C06D004C291E /* KeepDemoTests */ = {
			isa = PBXNativeTarget;
			buildConfigurationList = F9ECA3D21CF6C06D004C291E /* Build configuration list for PBXNativeTarget "KeepDemoTests" */;
			buildPhases = (
				F9ECA3B71CF6C06D004C291E /* Sources */,
				F9ECA3B81CF6C06D004C291E /* Frameworks */,
				F9ECA3B91CF6C06D004C291E /* Resources */,
			);
			buildRules = (
			);
			dependencies = (
				F9ECA3BD1CF6C06D004C291E /* PBXTargetDependency */,
			);
			name = KeepDemoTests;
			productName = KeepDemoTests;
			productReference = F9ECA3BB1CF6C06D004C291E /* KeepDemoTests.xctest */;
			productType = "com.apple.product-type.bundle.unit-test";
		};
		F9ECA3C51CF6C06D004C291E /* KeepDemoUITests */ = {
			isa = PBXNativeTarget;
			buildConfigurationList = F9ECA3D51CF6C06D004C291E /* Build configuration list for PBXNativeTarget "KeepDemoUITests" */;
			buildPhases = (
				F9ECA3C21CF6C06D004C291E /* Sources */,
				F9ECA3C31CF6C06D004C291E /* Frameworks */,
				F9ECA3C41CF6C06D004C291E /* Resources */,
			);
			buildRules = (
			);
			dependencies = (
				F9ECA3C81CF6C06D004C291E /* PBXTargetDependency */,
			);
			name = KeepDemoUITests;
			productName = KeepDemoUITests;
			productReference = F9ECA3C61CF6C06D004C291E /* KeepDemoUITests.xctest */;
			productType = "com.apple.product-type.bundle.ui-testing";
		};
/* End PBXNativeTarget section */

/* Begin PBXProject section */
		F9ECA39A1CF6C06D004C291E /* Project object */ = {
			isa = PBXProject;
			attributes = {
				LastUpgradeCheck = 0730;
				ORGANIZATIONNAME = wy0012;
				TargetAttributes = {
					F9ECA3A11CF6C06D004C291E = {
						CreatedOnToolsVersion = 7.3;
					};
					F9ECA3BA1CF6C06D004C291E = {
						CreatedOnToolsVersion = 7.3;
						TestTargetID = F9ECA3A11CF6C06D004C291E;
					};
					F9ECA3C51CF6C06D004C291E = {
						CreatedOnToolsVersion = 7.3;
						TestTargetID = F9ECA3A11CF6C06D004C291E;
					};
				};
			};
			buildConfigurationList = F9ECA39D1CF6C06D004C291E /* Build configuration list for PBXProject "KeepDemo" */;
			compatibilityVersion = "Xcode 3.2";
			developmentRegion = English;
			hasScannedForEncodings = 0;
			knownRegions = (
				en,
				Base,
			);
			mainGroup = F9ECA3991CF6C06D004C291E;
			productRefGroup = F9ECA3A31CF6C06D004C291E /* Products */;
			projectDirPath = "";
			projectRoot = "";
			targets = (
				F9ECA3A11CF6C06D004C291E /* KeepDemo */,
				F9ECA3BA1CF6C06D004C291E /* KeepDemoTests */,
				F9ECA3C51CF6C06D004C291E /* KeepDemoUITests */,
			);
		};
/* End PBXProject section */

/* Begin PBXResourcesBuildPhase section */
		F9ECA3A01CF6C06D004C291E /* Resources */ = {
			isa = PBXResourcesBuildPhase;
			buildActionMask = 2147483647;
			files = (
				F9ECA3E91CF6C090004C291E /* 4_circle.png in Resources */,
				F9ECA3F31CF6C090004C291E /* keep_logo@3x.png in Resources */,
				F9ECA3F11CF6C090004C291E /* keep_logo.png in Resources */,
				F9ECA3F01CF6C090004C291E /* keep6plus@3x.png in Resources */,
				F9ECA3EF1CF6C090004C291E /* keep6@2x.png in Resources */,
				F9ECA3B51CF6C06D004C291E /* LaunchScreen.storyboard in Resources */,
				F9ECA3E81CF6C090004C291E /* 1.mp4 in Resources */,
				F9ECA3B21CF6C06D004C291E /* Assets.xcassets in Resources */,
				F9ECA3EB1CF6C090004C291E /* 4_circle_on@2x.png in Resources */,
				F9ECA3F41CF6C090004C291E /* keepkeep.png in Resources */,
				F9ECA3F21CF6C090004C291E /* keep_logo@2x.png in Resources */,
				F9ECA3F51CF6C090004C291E /* keepkeep@2x.png in Resources */,
				F9ECA3B01CF6C06D004C291E /* Main.storyboard in Resources */,
				F9ECA3ED1CF6C090004C291E /* keep5@2x.png in Resources */,
				F9ECA3EE1CF6C090004C291E /* keep6.png in Resources */,
				F9ECA3EC1CF6C090004C291E /* keep5.png in Resources */,
				F9ECA3EA1CF6C090004C291E /* 4_circle@2x.png in Resources */,
				F9ECA3F61CF6C090004C291E /* keepkeep@3x.png in Resources */,
			);
			runOnlyForDeploymentPostprocessing = 0;
		};
		F9ECA3B91CF6C06D004C291E /* Resources */ = {
			isa = PBXResourcesBuildPhase;
			buildActionMask = 2147483647;
			files = (
			);
			runOnlyForDeploymentPostprocessing = 0;
		};
		F9ECA3C41CF6C06D004C291E /* Resources */ = {
			isa = PBXResourcesBuildPhase;
			buildActionMask = 2147483647;
			files = (
			);
			runOnlyForDeploymentPostprocessing = 0;
		};
/* End PBXResourcesBuildPhase section */

/* Begin PBXSourcesBuildPhase section */
		F9ECA39E1CF6C06D004C291E /* Sources */ = {
			isa = PBXSourcesBuildPhase;
			buildActionMask = 2147483647;
			files = (
				F9ECA3AD1CF6C06D004C291E /* ViewController.m in Sources */,
				F9ECA3AA1CF6C06D004C291E /* AppDelegate.m in Sources */,
				F9ECA3A71CF6C06D004C291E /* main.m in Sources */,
			);
			runOnlyForDeploymentPostprocessing = 0;
		};
		F9ECA3B71CF6C06D004C291E /* Sources */ = {
			isa = PBXSourcesBuildPhase;
			buildActionMask = 2147483647;
			files = (
				F9ECA3C01CF6C06D004C291E /* KeepDemoTests.m in Sources */,
			);
			runOnlyForDeploymentPostprocessing = 0;
		};
		F9ECA3C21CF6C06D004C291E /* Sources */ = {
			isa = PBXSourcesBuildPhase;
			buildActionMask = 2147483647;
			files = (
				F9ECA3CB1CF6C06D004C291E /* KeepDemoUITests.m in Sources */,
			);
			runOnlyForDeploymentPostprocessing = 0;
		};
/* End PBXSourcesBuildPhase section */

/* Begin PBXTargetDependency section */
		F9ECA3BD1CF6C06D004C291E /* PBXTargetDependency */ = {
			isa = PBXTargetDependency;
			target = F9ECA3A11CF6C06D004C291E /* KeepDemo */;
			targetProxy = F9ECA3BC1CF6C06D004C291E /* PBXContainerItemProxy */;
		};
		F9ECA3C81CF6C06D004C291E /* PBXTargetDependency */ = {
			isa = PBXTargetDependency;
			target = F9ECA3A11CF6C06D004C291E /* KeepDemo */;
			targetProxy = F9ECA3C71CF6C06D004C291E /* PBXContainerItemProxy */;
		};
/* End PBXTargetDependency section */

/* Begin PBXVariantGroup section */
		F9ECA3AE1CF6C06D004C291E /* Main.storyboard */ = {
			isa = PBXVariantGroup;
			children = (
				F9ECA3AF1CF6C06D004C291E /* Base */,
			);
			name = Main.storyboard;
			sourceTree = "<group>";
		};
		F9ECA3B31CF6C06D004C291E /* LaunchScreen.storyboard */ = {
			isa = PBXVariantGroup;
			children = (
				F9ECA3B41CF6C06D004C291E /* Base */,
			);
			name = LaunchScreen.storyboard;
			sourceTree = "<group>";
		};
/* End PBXVariantGroup section */

/* Begin XCBuildConfiguration section */
		F9ECA3CD1CF6C06D004C291E /* Debug */ = {
			isa = XCBuildConfiguration;
			buildSettings = {
				ALWAYS_SEARCH_USER_PATHS = NO;
				CLANG_ANALYZER_NONNULL = YES;
				CLANG_CXX_LANGUAGE_STANDARD = "gnu++0x";
				CLANG_CXX_LIBRARY = "libc++";
				CLANG_ENABLE_MODULES = YES;
				CLANG_ENABLE_OBJC_ARC = YES;
				CLANG_WARN_BOOL_CONVERSION = YES;
				CLANG_WARN_CONSTANT_CONVERSION = YES;
				CLANG_WARN_DIRECT_OBJC_ISA_USAGE = YES_ERROR;
				CLANG_WARN_EMPTY_BODY = YES;
				CLANG_WARN_ENUM_CONVERSION = YES;
				CLANG_WARN_INT_CONVERSION = YES;
				CLANG_WARN_OBJC_ROOT_CLASS = YES_ERROR;
				CLANG_WARN_UNREACHABLE_CODE = YES;
				CLANG_WARN__DUPLICATE_METHOD_MATCH = YES;
				"CODE_SIGN_IDENTITY[sdk=iphoneos*]" = "iPhone Developer";
				COPY_PHASE_STRIP = NO;
				DEBUG_INFORMATION_FORMAT = dwarf;
				ENABLE_STRICT_OBJC_MSGSEND = YES;
				ENABLE_TESTABILITY = YES;
				GCC_C_LANGUAGE_STANDARD = gnu99;
				GCC_DYNAMIC_NO_PIC = NO;
				GCC_NO_COMMON_BLOCKS = YES;
				GCC_OPTIMIZATION_LEVEL = 0;
				GCC_PREPROCESSOR_DEFINITIONS = (
					"DEBUG=1",
					"$(inherited)",
				);
				GCC_WARN_64_TO_32_BIT_CONVERSION = YES;
				GCC_WARN_ABOUT_RETURN_TYPE = YES_ERROR;
				GCC_WARN_UNDECLARED_SELECTOR = YES;
				GCC_WARN_UNINITIALIZED_AUTOS = YES_AGGRESSIVE;
				GCC_WARN_UNUSED_FUNCTION = YES;
				GCC_WARN_UNUSED_VARIABLE = YES;
				IPHONEOS_DEPLOYMENT_TARGET = 9.3;
				MTL_ENABLE_DEBUG_INFO = YES;
				ONLY_ACTIVE_ARCH = YES;
				SDKROOT = iphoneos;
				TARGETED_DEVICE_FAMILY = "1,2";
			};
			name = Debug;
		};
		F9ECA3CE1CF6C06D004C291E /* Release */ = {
			isa = XCBuildConfiguration;
			buildSettings = {
				ALWAYS_SEARCH_USER_PATHS = NO;
				CLANG_ANALYZER_NONNULL = YES;
				CLANG_CXX_LANGUAGE_STANDARD = "gnu++0x";
				CLANG_CXX_LIBRARY = "libc++";
				CLANG_ENABLE_MODULES = YES;
				CLANG_ENABLE_OBJC_ARC = YES;
				CLANG_WARN_BOOL_CONVERSION = YES;
				CLANG_WARN_CONSTANT_CONVERSION = YES;
				CLANG_WARN_DIRECT_OBJC_ISA_USAGE = YES_ERROR;
				CLANG_WARN_EMPTY_BODY = YES;
				CLANG_WARN_ENUM_CONVERSION = YES;
				CLANG_WARN_INT_CONVERSION = YES;
				CLANG_WARN_OBJC_ROOT_CLASS = YES_ERROR;
				CLANG_WARN_UNREACHABLE_CODE = YES;
				CLANG_WARN__DUPLICATE_METHOD_MATCH = YES;
				"CODE_SIGN_IDENTITY[sdk=iphoneos*]" = "iPhone Developer";
				COPY_PHASE_STRIP = NO;
				DEBUG_INFORMATION_FORMAT = "dwarf-with-dsym";
				ENABLE_NS_ASSERTIONS = NO;
				ENABLE_STRICT_OBJC_MSGSEND = YES;
				GCC_C_LANGUAGE_STANDARD = gnu99;
				GCC_NO_COMMON_BLOCKS = YES;
				GCC_WARN_64_TO_32_BIT_CONVERSION = YES;
				GCC_WARN_ABOUT_RETURN_TYPE = YES_ERROR;
				GCC_WARN_UNDECLARED_SELECTOR = YES;
				GCC_WARN_UNINITIALIZED_AUTOS = YES_AGGRESSIVE;
				GCC_WARN_UNUSED_FUNCTION = YES;
				GCC_WARN_UNUSED_VARIABLE = YES;
				IPHONEOS_DEPLOYMENT_TARGET = 9.3;
				MTL_ENABLE_DEBUG_INFO = NO;
				SDKROOT = iphoneos;
				TARGETED_DEVICE_FAMILY = "1,2";
				VALIDATE_PRODUCT = YES;
			};
			name = Release;
		};
		F9ECA3D01CF6C06D004C291E /* Debug */ = {
			isa = XCBuildConfiguration;
			buildSettings = {
				ASSETCATALOG_COMPILER_APPICON_NAME = AppIcon;
				INFOPLIST_FILE = KeepDemo/Info.plist;
				LD_RUNPATH_SEARCH_PATHS = "$(inherited) @executable_path/Frameworks";
				PRODUCT_BUNDLE_IDENTIFIER = TEST.KeepDemo;
				PRODUCT_NAME = "$(TARGET_NAME)";
			};
			name = Debug;
		};
		F9ECA3D11CF6C06D004C291E /* Release */ = {
			isa = XCBuildConfiguration;
			buildSettings = {
				ASSETCATALOG_COMPILER_APPICON_NAME = AppIcon;
				INFOPLIST_FILE = KeepDemo/Info.plist;
				LD_RUNPATH_SEARCH_PATHS = "$(inherited) @executable_path/Frameworks";
				PRODUCT_BUNDLE_IDENTIFIER = TEST.KeepDemo;
				PRODUCT_NAME = "$(TARGET_NAME)";
			};
			name = Release;
		};
		F9ECA3D31CF6C06D004C291E /* Debug */ = {
			isa = XCBuildConfiguration;
			buildSettings = {
				BUNDLE_LOADER = "$(TEST_HOST)";
				INFOPLIST_FILE = KeepDemoTests/Info.plist;
				LD_RUNPATH_SEARCH_PATHS = "$(inherited) @executable_path/Frameworks @loader_path/Frameworks";
				PRODUCT_BUNDLE_IDENTIFIER = TEST.KeepDemoTests;
				PRODUCT_NAME = "$(TARGET_NAME)";
				TEST_HOST = "$(BUILT_PRODUCTS_DIR)/KeepDemo.app/KeepDemo";
			};
			name = Debug;
		};
		F9ECA3D41CF6C06D004C291E /* Release */ = {
			isa = XCBuildConfiguration;
			buildSettings = {
				BUNDLE_LOADER = "$(TEST_HOST)";
				INFOPLIST_FILE = KeepDemoTests/Info.plist;
				LD_RUNPATH_SEARCH_PATHS = "$(inherited) @executable_path/Frameworks @loader_path/Frameworks";
				PRODUCT_BUNDLE_IDENTIFIER = TEST.KeepDemoTests;
				PRODUCT_NAME = "$(TARGET_NAME)";
				TEST_HOST = "$(BUILT_PRODUCTS_DIR)/KeepDemo.app/KeepDemo";
			};
			name = Release;
		};
		F9ECA3D61CF6C06D004C291E /* Debug */ = {
			isa = XCBuildConfiguration;
			buildSettings = {
				INFOPLIST_FILE = KeepDemoUITests/Info.plist;
				LD_RUNPATH_SEARCH_PATHS = "$(inherited) @executable_path/Frameworks @loader_path/Frameworks";
				PRODUCT_BUNDLE_IDENTIFIER = TEST.KeepDemoUITests;
				PRODUCT_NAME = "$(TARGET_NAME)";
				TEST_TARGET_NAME = KeepDemo;
			};
			name = Debug;
		};
		F9ECA3D71CF6C06D004C291E /* Release */ = {
			isa = XCBuildConfiguration;
			buildSettings = {
				INFOPLIST_FILE = KeepDemoUITests/Info.plist;
				LD_RUNPATH_SEARCH_PATHS = "$(inherited) @executable_path/Frameworks @loader_path/Frameworks";
				PRODUCT_BUNDLE_IDENTIFIER = TEST.KeepDemoUITests;
				PRODUCT_NAME = "$(TARGET_NAME)";
				TEST_TARGET_NAME = KeepDemo;
			};
			name = Release;
		};
/* End XCBuildConfiguration section */

/* Begin XCConfigurationList section */
		F9ECA39D1CF6C06D004C291E /* Build configuration list for PBXProject "KeepDemo" */ = {
			isa = XCConfigurationList;
			buildConfigurations = (
				F9ECA3CD1CF6C06D004C291E /* Debug */,
				F9ECA3CE1CF6C06D004C291E /* Release */,
			);
			defaultConfigurationIsVisible = 0;
			defaultConfigurationName = Release;
		};
		F9ECA3CF1CF6C06D004C291E /* Build configuration list for PBXNativeTarget "KeepDemo" */ = {
			isa = XCConfigurationList;
			buildConfigurations = (
				F9ECA3D01CF6C06D004C291E /* Debug */,
				F9ECA3D11CF6C06D004C291E /* Release */,
			);
			defaultConfigurationIsVisible = 0;
		};
		F9ECA3D21CF6C06D004C291E /* Build configuration list for PBXNativeTarget "KeepDemoTests" */ = {
			isa = XCConfigurationList;
			buildConfigurations = (
				F9ECA3D31CF6C06D004C291E /* Debug */,
				F9ECA3D41CF6C06D004C291E /* Release */,
			);
			defaultConfigurationIsVisible = 0;
		};
		F9ECA3D51CF6C06D004C291E /* Build configuration list for PBXNativeTarget "KeepDemoUITests" */ = {
			isa = XCConfigurationList;
			buildConfigurations = (
				F9ECA3D61CF6C06D004C291E /* Debug */,
				F9ECA3D71CF6C06D004C291E /* Release */,
			);
			defaultConfigurationIsVisible = 0;
		};
/* End XCConfigurationList section */
	};
	rootObject = F9ECA39A1CF6C06D004C291E /* Project object */;
}
